
Microsoft Visual Studio Solution File, Format Version 12.00
# Visual Studio 2013
VisualStudioVersion = 12.0.40629.0
MinimumVisualStudioVersion = 10.0.40219.1
Project("{E24C65DC-7377-472B-9ABA-BC803B73C61A}") = "3LoginView", ".", "{D689C990-F24A-4169-AF83-CC9468DEBD2E}"
	ProjectSection(WebsiteProperties) = preProject
		TargetFrameworkMoniker = ".NETFramework,Version%3Dv4.5"
		Debug.AspNetCompiler.VirtualPath = "/localhost_1821"
		Debug.AspNetCompiler.PhysicalPath = "..\3LoginView\"
		Debug.AspNetCompiler.TargetPath = "PrecompiledWeb\localhost_1821\"
		Debug.AspNetCompiler.Updateable = "true"
		Debug.AspNetCompiler.ForceOverwrite = "true"
		Debug.AspNetCompiler.FixedNames = "false"
		Debug.AspNetCompiler.Debug = "True"
		Release.AspNetCompiler.VirtualPath = "/localhost_1821"
		Release.AspNetCompiler.PhysicalPath = "..\3LoginView\"
		Release.AspNetCompiler.TargetPath = "PrecompiledWeb\localhost_1821\"
		Release.AspNetCompiler.Updateable = "true"
		Release.AspNetCompiler.ForceOverwrite = "true"
		Release.AspNetCompiler.FixedNames = "false"
		Release.AspNetCompiler.Debug = "False"
		VWDPort = "1821"
		SlnRelativePath = "..\3LoginView\"
	EndProjectSection
EndProject
Global
	GlobalSection(SolutionConfigurationPlatforms) = preSolution
		Debug|Any CPU = Debug|Any CPU
	EndGlobalSection
	GlobalSection(ProjectConfigurationPlatforms) = postSolution
		{D689C990-F24A-4169-AF83-CC9468DEBD2E}.Debug|Any CPU.ActiveCfg = Debug|Any CPU
		{D689C990-F24A-4169-AF83-CC9468DEBD2E}.Debug|Any CPU.Build.0 = Debug|Any CPU
	EndGlobalSection
	GlobalSection(SolutionProperties) = preSolution
		HideSolutionNode = FALSE
	EndGlobalSection
EndGlobal
